
Microsoft Visual Studio Solution File, Format Version 12.00
# Visual Studio Version 17
VisualStudioVersion = 17.14.36705.20 d17.14
MinimumVisualStudioVersion = 10.0.40219.1
Project("{FAE04EC0-301F-11D3-BF4B-00C04F79EFBC}") = "ConsoleApp1", "ConsoleApp1\ConsoleApp1.csproj", "{B67FF011-CA3E-474B-B712-9693F0EE0008}"
EndProject
Global
	GlobalSection(SolutionConfigurationPlatforms) = preSolution
		Debug|Any CPU = Debug|Any CPU
		Release|Any CPU = Release|Any CPU
	EndGlobalSection
	GlobalSection(ProjectConfigurationPlatforms) = postSolution
		{B67FF011-CA3E-474B-B712-9693F0EE0008}.Debug|Any CPU.ActiveCfg = Debug|Any CPU
		{B67FF011-CA3E-474B-B712-9693F0EE0008}.Debug|Any CPU.Build.0 = Debug|Any CPU
		{B67FF011-CA3E-474B-B712-9693F0EE0008}.Release|Any CPU.ActiveCfg = Release|Any CPU
		{B67FF011-CA3E-474B-B712-9693F0EE0008}.Release|Any CPU.Build.0 = Release|Any CPU
	EndGlobalSection
	GlobalSection(SolutionProperties) = preSolution
		HideSolutionNode = FALSE
	EndGlobalSection
	GlobalSection(ExtensibilityGlobals) = postSolution
		SolutionGuid = {BE930F1C-E8B9-4FB2-A20A-1D36018E7A9D}
	EndGlobalSection
EndGlobal
